
Microsoft Visual Studio Solution File, Format Version 12.00
# Visual Studio Version 17
VisualStudioVersion = 17.6.33829.357
MinimumVisualStudioVersion = 10.0.40219.1
Project("{FAE04EC0-301F-11D3-BF4B-00C04F79EFBC}") = "GreetingApp", "GreetingApp\GreetingApp.csproj", "{6E98032A-8F64-468E-9AD0-3A1F7A25DB1B}"
EndProject
Global
	GlobalSection(SolutionConfigurationPlatforms) = preSolution
		Debug|Any CPU = Debug|Any CPU
		Release|Any CPU = Release|Any CPU
	EndGlobalSection
	GlobalSection(ProjectConfigurationPlatforms) = postSolution
		{6E98032A-8F64-468E-9AD0-3A1F7A25DB1B}.Debug|Any CPU.ActiveCfg = Debug|Any CPU
		{6E98032A-8F64-468E-9AD0-3A1F7A25DB1B}.Debug|Any CPU.Build.0 = Debug|Any CPU
		{6E98032A-8F64-468E-9AD0-3A1F7A25DB1B}.Release|Any CPU.ActiveCfg = Release|Any CPU
		{6E98032A-8F64-468E-9AD0-3A1F7A25DB1B}.Release|Any CPU.Build.0 = Release|Any CPU
	EndGlobalSection
	GlobalSection(SolutionProperties) = preSolution
		HideSolutionNode = FALSE
	EndGlobalSection
	GlobalSection(ExtensibilityGlobals) = postSolution
		SolutionGuid = {3FBF815C-3E33-4958-BBAC-DE88E0F793C4}
	EndGlobalSection
EndGlobal
